
Microsoft Visual Studio Solution File, Format Version 12.00
# Visual Studio Version 17
VisualStudioVersion = 17.14.36310.24 d17.14
MinimumVisualStudioVersion = 10.0.40219.1
Project("{2150E333-8FDC-42A3-9474-1A3956D46DE8}") = "00 - Helpers", "00 - Helpers", "{02EA681E-C7D8-13C7-8484-4AC65E1B71E8}"
EndProject
Project("{FAE04EC0-301F-11D3-BF4B-00C04F79EFBC}") = "DataStructures.Helpers", "src\00-Helpers\DataStructures.Helpers\DataStructures.Helpers.csproj", "{4389D8AC-5D3D-4AE1-8CE3-544BEEEE7CC0}"
EndProject
Global
	GlobalSection(SolutionConfigurationPlatforms) = preSolution
		Debug|Any CPU = Debug|Any CPU
		Release|Any CPU = Release|Any CPU
	EndGlobalSection
	GlobalSection(ProjectConfigurationPlatforms) = postSolution
		{4389D8AC-5D3D-4AE1-8CE3-544BEEEE7CC0}.Debug|Any CPU.ActiveCfg = Debug|Any CPU
		{4389D8AC-5D3D-4AE1-8CE3-544BEEEE7CC0}.Debug|Any CPU.Build.0 = Debug|Any CPU
		{4389D8AC-5D3D-4AE1-8CE3-544BEEEE7CC0}.Release|Any CPU.ActiveCfg = Release|Any CPU
		{4389D8AC-5D3D-4AE1-8CE3-544BEEEE7CC0}.Release|Any CPU.Build.0 = Release|Any CPU
	EndGlobalSection
	GlobalSection(SolutionProperties) = preSolution
		HideSolutionNode = FALSE
	EndGlobalSection
	GlobalSection(NestedProjects) = preSolution
		{4389D8AC-5D3D-4AE1-8CE3-544BEEEE7CC0} = {02EA681E-C7D8-13C7-8484-4AC65E1B71E8}
	EndGlobalSection
	GlobalSection(ExtensibilityGlobals) = postSolution
		SolutionGuid = {4CD47B91-3197-4B08-A673-2B3FB1D8A4A8}
	EndGlobalSection
EndGlobal
