
Microsoft Visual Studio Solution File, Format Version 12.00
# Visual Studio Version 17
VisualStudioVersion = 17.14.36310.24
MinimumVisualStudioVersion = 10.0.40219.1
Project("{2150E333-8FDC-42A3-9474-1A3956D46DE8}") = "00 - Helpers", "00 - Helpers", "{02EA681E-C7D8-13C7-8484-4AC65E1B71E8}"
EndProject
Project("{FAE04EC0-301F-11D3-BF4B-00C04F79EFBC}") = "DataStructures.Helpers", "src\00-Helpers\DataStructures.Helpers\DataStructures.Helpers.csproj", "{4389D8AC-5D3D-4AE1-8CE3-544BEEEE7CC0}"
EndProject
Project("{2150E333-8FDC-42A3-9474-1A3956D46DE8}") = "01 - Arrays", "01 - Arrays", "{AA70F608-0C7D-4FEA-8965-451BB03DCF8C}"
EndProject
Project("{FAE04EC0-301F-11D3-BF4B-00C04F79EFBC}") = "DataStructures.Array01", "src\01-Arrays\DataStructures.Array01\DataStructures.Array01.csproj", "{916FE97E-04F8-458D-98B3-D74EEB093A0A}"
EndProject
Project("{FAE04EC0-301F-11D3-BF4B-00C04F79EFBC}") = "DataStructures.Array02", "src\01-Arrays\DataStructures.Array02\DataStructures.Array02.csproj", "{1E8070DA-96DA-4EED-8885-E272303A6A51}"
EndProject
Project("{FAE04EC0-301F-11D3-BF4B-00C04F79EFBC}") = "DataStructures.Array03", "src\01-Arrays\DataStructures.Array03\DataStructures.Array03.csproj", "{8A280A2A-B44F-4C9D-A440-D9CC409D061F}"
EndProject
Project("{2150E333-8FDC-42A3-9474-1A3956D46DE8}") = "02 - Matrices", "02 - Matrices", "{29D67AFB-AF51-4073-8ABC-B1EE7B122FCF}"
EndProject
Project("{FAE04EC0-301F-11D3-BF4B-00C04F79EFBC}") = "DataStructures.Matrix01", "src\02-Matrices\DataStructures.Matrix01\DataStructures.Matrix01.csproj", "{559B41BD-8BA2-4D85-B236-D09784F8EB74}"
EndProject
Project("{FAE04EC0-301F-11D3-BF4B-00C04F79EFBC}") = "DataStructures.Matrix02", "src\02-Matrices\DataStructures.Matrix02\DataStructures.Matrix02.csproj", "{85030DA3-E503-4686-8DE0-E081F214C658}"
EndProject
Project("{FAE04EC0-301F-11D3-BF4B-00C04F79EFBC}") = "DataStructures.Matrix03", "src\02-Matrices\DataStructures.Matrix03\DataStructures.Matrix03.csproj", "{D826D677-5F7E-441D-9D62-EBFAD5337A17}"
EndProject
Project("{2150E333-8FDC-42A3-9474-1A3956D46DE8}") = "03 - Linear Binary Searches", "03 - Linear Binary Searches", "{89D5373C-051C-49EB-97AE-7F290F125ECA}"
EndProject
Project("{FAE04EC0-301F-11D3-BF4B-00C04F79EFBC}") = "DataStructures.LinearSearch01", "src\03-Linear-Binary-Searches\DataStructures.LinearSearch01\DataStructures.LinearSearch01.csproj", "{D4AB99B8-EA58-46A0-9924-A69E12A3921D}"
EndProject
Project("{FAE04EC0-301F-11D3-BF4B-00C04F79EFBC}") = "DataStructures.LinearSearch02", "src\03-Linear-Binary-Searches\DataStructures.LinearSearch02\DataStructures.LinearSearch02.csproj", "{299060BA-1E80-4FD4-8E18-CC5A46EDBD08}"
EndProject
Project("{FAE04EC0-301F-11D3-BF4B-00C04F79EFBC}") = "DataStructures.BinarySearch01", "src\03-Linear-Binary-Searches\DataStructures.BinarySearch01\DataStructures.BinarySearch01.csproj", "{FB08FA89-B7D1-474A-A822-D86E73690EE7}"
EndProject
Project("{FAE04EC0-301F-11D3-BF4B-00C04F79EFBC}") = "DataStructures.BinarySearch02", "src\03-Linear-Binary-Searches\DataStructures.BinarySearch02\DataStructures.BinarySearch02.csproj", "{39170432-666E-4DB1-A5B7-68A87E0A854D}"
EndProject
Project("{2150E333-8FDC-42A3-9474-1A3956D46DE8}") = "04 - Sorting-Algorithms", "04 - Sorting-Algorithms", "{E333A97B-0C94-4E48-9476-966D8DC34070}"
EndProject
Project("{FAE04EC0-301F-11D3-BF4B-00C04F79EFBC}") = "DataStructures.BubbleSort01", "src\04-Sorting-Algorithms\DataStructures.BubbleSort01\DataStructures.BubbleSort01.csproj", "{CE785F36-580F-4FCD-8C10-9FEB338B80E2}"
EndProject
Project("{FAE04EC0-301F-11D3-BF4B-00C04F79EFBC}") = "DataStructures.SelectionSort01", "src\04-Sorting-Algorithms\DataStructures.SelectionSort01\DataStructures.SelectionSort01.csproj", "{FF704212-3000-4051-A84C-0B90508C68FE}"
EndProject
Project("{FAE04EC0-301F-11D3-BF4B-00C04F79EFBC}") = "DataStructures.InsertionSort01", "src\04-Sorting-Algorithms\DataStructures.InsertionSort01\DataStructures.InsertionSort01.csproj", "{91C41734-C969-4FDE-899C-1C4A40246A19}"
EndProject
Project("{FAE04EC0-301F-11D3-BF4B-00C04F79EFBC}") = "DataStructures.ShellSort01", "src\04-Sorting-Algorithms\DataStructures.ShellSort01\DataStructures.ShellSort01.csproj", "{980AFBF4-C59C-486A-9D31-EC0A007D01C7}"
EndProject
Project("{FAE04EC0-301F-11D3-BF4B-00C04F79EFBC}") = "DataStructures.HeapSort01", "src\04-Sorting-Algorithms\DataStructures.HeapSort01\DataStructures.HeapSort01.csproj", "{1ACFECD9-D60D-47C1-AC70-D329717C99FF}"
EndProject
Project("{FAE04EC0-301F-11D3-BF4B-00C04F79EFBC}") = "DataStructures.QuickSort01", "src\04-Sorting-Algorithms\DataStructures.QuickSort01\DataStructures.QuickSort01.csproj", "{3B00B55E-AEF5-4311-82A7-F100289539FA}"
EndProject
Project("{FAE04EC0-301F-11D3-BF4B-00C04F79EFBC}") = "DataStructures.MergeSort01", "src\04-Sorting-Algorithms\DataStructures.MergeSort01\DataStructures.MergeSort01.csproj", "{10125775-1F27-4502-AAAF-FE58A7BD0B5F}"
EndProject
Global
	GlobalSection(SolutionConfigurationPlatforms) = preSolution
		Debug|Any CPU = Debug|Any CPU
		Release|Any CPU = Release|Any CPU
	EndGlobalSection
	GlobalSection(ProjectConfigurationPlatforms) = postSolution
		{4389D8AC-5D3D-4AE1-8CE3-544BEEEE7CC0}.Debug|Any CPU.ActiveCfg = Debug|Any CPU
		{4389D8AC-5D3D-4AE1-8CE3-544BEEEE7CC0}.Debug|Any CPU.Build.0 = Debug|Any CPU
		{4389D8AC-5D3D-4AE1-8CE3-544BEEEE7CC0}.Release|Any CPU.ActiveCfg = Release|Any CPU
		{4389D8AC-5D3D-4AE1-8CE3-544BEEEE7CC0}.Release|Any CPU.Build.0 = Release|Any CPU
		{916FE97E-04F8-458D-98B3-D74EEB093A0A}.Debug|Any CPU.ActiveCfg = Debug|Any CPU
		{916FE97E-04F8-458D-98B3-D74EEB093A0A}.Debug|Any CPU.Build.0 = Debug|Any CPU
		{916FE97E-04F8-458D-98B3-D74EEB093A0A}.Release|Any CPU.ActiveCfg = Release|Any CPU
		{916FE97E-04F8-458D-98B3-D74EEB093A0A}.Release|Any CPU.Build.0 = Release|Any CPU
		{1E8070DA-96DA-4EED-8885-E272303A6A51}.Debug|Any CPU.ActiveCfg = Debug|Any CPU
		{1E8070DA-96DA-4EED-8885-E272303A6A51}.Debug|Any CPU.Build.0 = Debug|Any CPU
		{1E8070DA-96DA-4EED-8885-E272303A6A51}.Release|Any CPU.ActiveCfg = Release|Any CPU
		{1E8070DA-96DA-4EED-8885-E272303A6A51}.Release|Any CPU.Build.0 = Release|Any CPU
		{8A280A2A-B44F-4C9D-A440-D9CC409D061F}.Debug|Any CPU.ActiveCfg = Debug|Any CPU
		{8A280A2A-B44F-4C9D-A440-D9CC409D061F}.Debug|Any CPU.Build.0 = Debug|Any CPU
		{8A280A2A-B44F-4C9D-A440-D9CC409D061F}.Release|Any CPU.ActiveCfg = Release|Any CPU
		{8A280A2A-B44F-4C9D-A440-D9CC409D061F}.Release|Any CPU.Build.0 = Release|Any CPU
		{559B41BD-8BA2-4D85-B236-D09784F8EB74}.Debug|Any CPU.ActiveCfg = Debug|Any CPU
		{559B41BD-8BA2-4D85-B236-D09784F8EB74}.Debug|Any CPU.Build.0 = Debug|Any CPU
		{559B41BD-8BA2-4D85-B236-D09784F8EB74}.Release|Any CPU.ActiveCfg = Release|Any CPU
		{559B41BD-8BA2-4D85-B236-D09784F8EB74}.Release|Any CPU.Build.0 = Release|Any CPU
		{85030DA3-E503-4686-8DE0-E081F214C658}.Debug|Any CPU.ActiveCfg = Debug|Any CPU
		{85030DA3-E503-4686-8DE0-E081F214C658}.Debug|Any CPU.Build.0 = Debug|Any CPU
		{85030DA3-E503-4686-8DE0-E081F214C658}.Release|Any CPU.ActiveCfg = Release|Any CPU
		{85030DA3-E503-4686-8DE0-E081F214C658}.Release|Any CPU.Build.0 = Release|Any CPU
		{D826D677-5F7E-441D-9D62-EBFAD5337A17}.Debug|Any CPU.ActiveCfg = Debug|Any CPU
		{D826D677-5F7E-441D-9D62-EBFAD5337A17}.Debug|Any CPU.Build.0 = Debug|Any CPU
		{D826D677-5F7E-441D-9D62-EBFAD5337A17}.Release|Any CPU.ActiveCfg = Release|Any CPU
		{D826D677-5F7E-441D-9D62-EBFAD5337A17}.Release|Any CPU.Build.0 = Release|Any CPU
		{D4AB99B8-EA58-46A0-9924-A69E12A3921D}.Debug|Any CPU.ActiveCfg = Debug|Any CPU
		{D4AB99B8-EA58-46A0-9924-A69E12A3921D}.Debug|Any CPU.Build.0 = Debug|Any CPU
		{D4AB99B8-EA58-46A0-9924-A69E12A3921D}.Release|Any CPU.ActiveCfg = Release|Any CPU
		{D4AB99B8-EA58-46A0-9924-A69E12A3921D}.Release|Any CPU.Build.0 = Release|Any CPU
		{299060BA-1E80-4FD4-8E18-CC5A46EDBD08}.Debug|Any CPU.ActiveCfg = Debug|Any CPU
		{299060BA-1E80-4FD4-8E18-CC5A46EDBD08}.Debug|Any CPU.Build.0 = Debug|Any CPU
		{299060BA-1E80-4FD4-8E18-CC5A46EDBD08}.Release|Any CPU.ActiveCfg = Release|Any CPU
		{299060BA-1E80-4FD4-8E18-CC5A46EDBD08}.Release|Any CPU.Build.0 = Release|Any CPU
		{FB08FA89-B7D1-474A-A822-D86E73690EE7}.Debug|Any CPU.ActiveCfg = Debug|Any CPU
		{FB08FA89-B7D1-474A-A822-D86E73690EE7}.Debug|Any CPU.Build.0 = Debug|Any CPU
		{FB08FA89-B7D1-474A-A822-D86E73690EE7}.Release|Any CPU.ActiveCfg = Release|Any CPU
		{FB08FA89-B7D1-474A-A822-D86E73690EE7}.Release|Any CPU.Build.0 = Release|Any CPU
		{39170432-666E-4DB1-A5B7-68A87E0A854D}.Debug|Any CPU.ActiveCfg = Debug|Any CPU
		{39170432-666E-4DB1-A5B7-68A87E0A854D}.Debug|Any CPU.Build.0 = Debug|Any CPU
		{39170432-666E-4DB1-A5B7-68A87E0A854D}.Release|Any CPU.ActiveCfg = Release|Any CPU
		{39170432-666E-4DB1-A5B7-68A87E0A854D}.Release|Any CPU.Build.0 = Release|Any CPU
		{CE785F36-580F-4FCD-8C10-9FEB338B80E2}.Debug|Any CPU.ActiveCfg = Debug|Any CPU
		{CE785F36-580F-4FCD-8C10-9FEB338B80E2}.Debug|Any CPU.Build.0 = Debug|Any CPU
		{CE785F36-580F-4FCD-8C10-9FEB338B80E2}.Release|Any CPU.ActiveCfg = Release|Any CPU
		{CE785F36-580F-4FCD-8C10-9FEB338B80E2}.Release|Any CPU.Build.0 = Release|Any CPU
		{FF704212-3000-4051-A84C-0B90508C68FE}.Debug|Any CPU.ActiveCfg = Debug|Any CPU
		{FF704212-3000-4051-A84C-0B90508C68FE}.Debug|Any CPU.Build.0 = Debug|Any CPU
		{FF704212-3000-4051-A84C-0B90508C68FE}.Release|Any CPU.ActiveCfg = Release|Any CPU
		{FF704212-3000-4051-A84C-0B90508C68FE}.Release|Any CPU.Build.0 = Release|Any CPU
		{91C41734-C969-4FDE-899C-1C4A40246A19}.Debug|Any CPU.ActiveCfg = Debug|Any CPU
		{91C41734-C969-4FDE-899C-1C4A40246A19}.Debug|Any CPU.Build.0 = Debug|Any CPU
		{91C41734-C969-4FDE-899C-1C4A40246A19}.Release|Any CPU.ActiveCfg = Release|Any CPU
		{91C41734-C969-4FDE-899C-1C4A40246A19}.Release|Any CPU.Build.0 = Release|Any CPU
		{980AFBF4-C59C-486A-9D31-EC0A007D01C7}.Debug|Any CPU.ActiveCfg = Debug|Any CPU
		{980AFBF4-C59C-486A-9D31-EC0A007D01C7}.Debug|Any CPU.Build.0 = Debug|Any CPU
		{980AFBF4-C59C-486A-9D31-EC0A007D01C7}.Release|Any CPU.ActiveCfg = Release|Any CPU
		{980AFBF4-C59C-486A-9D31-EC0A007D01C7}.Release|Any CPU.Build.0 = Release|Any CPU
		{1ACFECD9-D60D-47C1-AC70-D329717C99FF}.Debug|Any CPU.ActiveCfg = Debug|Any CPU
		{1ACFECD9-D60D-47C1-AC70-D329717C99FF}.Debug|Any CPU.Build.0 = Debug|Any CPU
		{1ACFECD9-D60D-47C1-AC70-D329717C99FF}.Release|Any CPU.ActiveCfg = Release|Any CPU
		{1ACFECD9-D60D-47C1-AC70-D329717C99FF}.Release|Any CPU.Build.0 = Release|Any CPU
		{3B00B55E-AEF5-4311-82A7-F100289539FA}.Debug|Any CPU.ActiveCfg = Debug|Any CPU
		{3B00B55E-AEF5-4311-82A7-F100289539FA}.Debug|Any CPU.Build.0 = Debug|Any CPU
		{3B00B55E-AEF5-4311-82A7-F100289539FA}.Release|Any CPU.ActiveCfg = Release|Any CPU
		{3B00B55E-AEF5-4311-82A7-F100289539FA}.Release|Any CPU.Build.0 = Release|Any CPU
		{10125775-1F27-4502-AAAF-FE58A7BD0B5F}.Debug|Any CPU.ActiveCfg = Debug|Any CPU
		{10125775-1F27-4502-AAAF-FE58A7BD0B5F}.Debug|Any CPU.Build.0 = Debug|Any CPU
		{10125775-1F27-4502-AAAF-FE58A7BD0B5F}.Release|Any CPU.ActiveCfg = Release|Any CPU
		{10125775-1F27-4502-AAAF-FE58A7BD0B5F}.Release|Any CPU.Build.0 = Release|Any CPU
	EndGlobalSection
	GlobalSection(SolutionProperties) = preSolution
		HideSolutionNode = FALSE
	EndGlobalSection
	GlobalSection(NestedProjects) = preSolution
		{4389D8AC-5D3D-4AE1-8CE3-544BEEEE7CC0} = {02EA681E-C7D8-13C7-8484-4AC65E1B71E8}
		{916FE97E-04F8-458D-98B3-D74EEB093A0A} = {AA70F608-0C7D-4FEA-8965-451BB03DCF8C}
		{1E8070DA-96DA-4EED-8885-E272303A6A51} = {AA70F608-0C7D-4FEA-8965-451BB03DCF8C}
		{8A280A2A-B44F-4C9D-A440-D9CC409D061F} = {AA70F608-0C7D-4FEA-8965-451BB03DCF8C}
		{559B41BD-8BA2-4D85-B236-D09784F8EB74} = {29D67AFB-AF51-4073-8ABC-B1EE7B122FCF}
		{85030DA3-E503-4686-8DE0-E081F214C658} = {29D67AFB-AF51-4073-8ABC-B1EE7B122FCF}
		{D826D677-5F7E-441D-9D62-EBFAD5337A17} = {29D67AFB-AF51-4073-8ABC-B1EE7B122FCF}
		{D4AB99B8-EA58-46A0-9924-A69E12A3921D} = {89D5373C-051C-49EB-97AE-7F290F125ECA}
		{299060BA-1E80-4FD4-8E18-CC5A46EDBD08} = {89D5373C-051C-49EB-97AE-7F290F125ECA}
		{FB08FA89-B7D1-474A-A822-D86E73690EE7} = {89D5373C-051C-49EB-97AE-7F290F125ECA}
		{39170432-666E-4DB1-A5B7-68A87E0A854D} = {89D5373C-051C-49EB-97AE-7F290F125ECA}
		{CE785F36-580F-4FCD-8C10-9FEB338B80E2} = {E333A97B-0C94-4E48-9476-966D8DC34070}
		{FF704212-3000-4051-A84C-0B90508C68FE} = {E333A97B-0C94-4E48-9476-966D8DC34070}
		{91C41734-C969-4FDE-899C-1C4A40246A19} = {E333A97B-0C94-4E48-9476-966D8DC34070}
		{980AFBF4-C59C-486A-9D31-EC0A007D01C7} = {E333A97B-0C94-4E48-9476-966D8DC34070}
		{1ACFECD9-D60D-47C1-AC70-D329717C99FF} = {E333A97B-0C94-4E48-9476-966D8DC34070}
		{3B00B55E-AEF5-4311-82A7-F100289539FA} = {E333A97B-0C94-4E48-9476-966D8DC34070}
		{10125775-1F27-4502-AAAF-FE58A7BD0B5F} = {E333A97B-0C94-4E48-9476-966D8DC34070}
	EndGlobalSection
	GlobalSection(ExtensibilityGlobals) = postSolution
		SolutionGuid = {4CD47B91-3197-4B08-A673-2B3FB1D8A4A8}
	EndGlobalSection
EndGlobal
